{
  "name": "did",
  "lockfileVersion": 3,
  "requires": true,
  "packages": {
    "": {
      "dependencies": {
        "create-react-native-app": "^3.9.0"
      }
    },
    "node_modules/create-react-native-app": {
      "version": "3.9.0",
      "resolved": "https://registry.npmjs.org/create-react-native-app/-/create-react-native-app-3.9.0.tgz",
      "integrity": "sha512-Fm0fg2/CZje18+yjNVw5DFKT7uv2qKfv6+YVUxsUcwSLF+WghozghCZN1ATzYIyp/Z73AnEgmJX0V04hvUtYrA==",
      "bin": {
        "create-react-native-app": "build/index.js"
      }
    }
  }
}
